
Microsoft Visual Studio Solution File, Format Version 12.00
# Visual Studio Version 16
VisualStudioVersion = 16.0.30907.101
MinimumVisualStudioVersion = 10.0.40219.1
Project("{888888A0-9F3D-457C-B088-3A5042F75D52}") = "YoutubePodcasts", "YoutubePodcasts\YoutubePodcasts.pyproj", "{C5AA5BE8-A238-4C14-83C5-6355AB768C9B}"
EndProject
Global
	GlobalSection(SolutionConfigurationPlatforms) = preSolution
		Debug|Any CPU = Debug|Any CPU
		Release|Any CPU = Release|Any CPU
	EndGlobalSection
	GlobalSection(ProjectConfigurationPlatforms) = postSolution
		{C5AA5BE8-A238-4C14-83C5-6355AB768C9B}.Debug|Any CPU.ActiveCfg = Debug|Any CPU
		{C5AA5BE8-A238-4C14-83C5-6355AB768C9B}.Debug|Any CPU.Build.0 = Debug|Any CPU
		{C5AA5BE8-A238-4C14-83C5-6355AB768C9B}.Release|Any CPU.ActiveCfg = Release|Any CPU
		{C5AA5BE8-A238-4C14-83C5-6355AB768C9B}.Release|Any CPU.Build.0 = Release|Any CPU
	EndGlobalSection
	GlobalSection(SolutionProperties) = preSolution
		HideSolutionNode = FALSE
	EndGlobalSection
	GlobalSection(ExtensibilityGlobals) = postSolution
		SolutionGuid = {A23D3F5D-9459-46CF-AA54-87B8A25AC557}
	EndGlobalSection
EndGlobal
